// !$*UTF8*$!
{
	archiveVersion = 1;
	classes = {
	};
	objectVersion = 56;
	objects = {

/* Begin PBXBuildFile section */
		AF4F14C829A7C441002505F9 /* AppDelegate.swift in Sources */ = {isa = PBXBuildFile; fileRef = AF4F14C729A7C441002505F9 /* AppDelegate.swift */; };
		AF4F14CA29A7C441002505F9 /* SceneDelegate.swift in Sources */ = {isa = PBXBuildFile; fileRef = AF4F14C929A7C441002505F9 /* SceneDelegate.swift */; };
		AF4F14CF29A7C441002505F9 /* Main.storyboard in Resources */ = {isa = PBXBuildFile; fileRef = AF4F14CD29A7C441002505F9 /* Main.storyboard */; };
		AF4F14D129A7C442002505F9 /* Assets.xcassets in Resources */ = {isa = PBXBuildFile; fileRef = AF4F14D029A7C442002505F9 /* Assets.xcassets */; };
		AF4F14D429A7C442002505F9 /* LaunchScreen.storyboard in Resources */ = {isa = PBXBuildFile; fileRef = AF4F14D229A7C442002505F9 /* LaunchScreen.storyboard */; };
		AF4F14DE29A7CCAD002505F9 /* Movie.swift in Sources */ = {isa = PBXBuildFile; fileRef = AF4F14DD29A7CCAD002505F9 /* Movie.swift */; };
		AF4F14E129A7CFFB002505F9 /* MovieController.swift in Sources */ = {isa = PBXBuildFile; fileRef = AF4F14E029A7CFFB002505F9 /* MovieController.swift */; };
		AF4F14E529A7D187002505F9 /* Constants.swift in Sources */ = {isa = PBXBuildFile; fileRef = AF4F14E429A7D187002505F9 /* Constants.swift */; };
		AF4F14E729A7D1BA002505F9 /* MovieListTableViewController.swift in Sources */ = {isa = PBXBuildFile; fileRef = AF4F14E629A7D1BA002505F9 /* MovieListTableViewController.swift */; };
/* End PBXBuildFile section */

/* Begin PBXFileReference section */
		AF4F14C429A7C441002505F9 /* MovieList.app */ = {isa = PBXFileReference; explicitFileType = wrapper.application; includeInIndex = 0; path = MovieList.app; sourceTree = BUILT_PRODUCTS_DIR; };
		AF4F14C729A7C441002505F9 /* AppDelegate.swift */ = {isa = PBXFileReference; lastKnownFileType = sourcecode.swift; path = AppDelegate.swift; sourceTree = "<group>"; };
		AF4F14C929A7C441002505F9 /* SceneDelegate.swift */ = {isa = PBXFileReference; lastKnownFileType = sourcecode.swift; path = SceneDelegate.swift; sourceTree = "<group>"; };
		AF4F14CE29A7C441002505F9 /* Base */ = {isa = PBXFileReference; lastKnownFileType = file.storyboard; name = Base; path = Base.lproj/Main.storyboard; sourceTree = "<group>"; };
		AF4F14D029A7C442002505F9 /* Assets.xcassets */ = {isa = PBXFileReference; lastKnownFileType = folder.assetcatalog; path = Assets.xcassets; sourceTree = "<group>"; };
		AF4F14D329A7C442002505F9 /* Base */ = {isa = PBXFileReference; lastKnownFileType = file.storyboard; name = Base; path = Base.lproj/LaunchScreen.storyboard; sourceTree = "<group>"; };
		AF4F14D529A7C442002505F9 /* Info.plist */ = {isa = PBXFileReference; lastKnownFileType = text.plist.xml; path = Info.plist; sourceTree = "<group>"; };
		AF4F14DD29A7CCAD002505F9 /* Movie.swift */ = {isa = PBXFileReference; lastKnownFileType = sourcecode.swift; path = Movie.swift; sourceTree = "<group>"; };
		AF4F14E029A7CFFB002505F9 /* MovieController.swift */ = {isa = PBXFileReference; lastKnownFileType = sourcecode.swift; path = MovieController.swift; sourceTree = "<group>"; };
		AF4F14E429A7D187002505F9 /* Constants.swift */ = {isa = PBXFileReference; lastKnownFileType = sourcecode.swift; path = Constants.swift; sourceTree = "<group>"; };
		AF4F14E629A7D1BA002505F9 /* MovieListTableViewController.swift */ = {isa = PBXFileReference; lastKnownFileType = sourcecode.swift; path = MovieListTableViewController.swift; sourceTree = "<group>"; };
/* End PBXFileReference section */

/* Begin PBXFrameworksBuildPhase section */
		AF4F14C129A7C441002505F9 /* Frameworks */ = {
			isa = PBXFrameworksBuildPhase;
			buildActionMask = 2147483647;
			files = (
			);
			runOnlyForDeploymentPostprocessing = 0;
		};
/* End PBXFrameworksBuildPhase section */

/* Begin PBXGroup section */
		AF4F14BB29A7C441002505F9 = {
			isa = PBXGroup;
			children = (
				AF4F14C629A7C441002505F9 /* MovieList */,
				AF4F14C529A7C441002505F9 /* Products */,
			);
			sourceTree = "<group>";
		};
		AF4F14C529A7C441002505F9 /* Products */ = {
			isa = PBXGroup;
			children = (
				AF4F14C429A7C441002505F9 /* MovieList.app */,
			);
			name = Products;
			sourceTree = "<group>";
		};
		AF4F14C629A7C441002505F9 /* MovieList */ = {
			isa = PBXGroup;
			children = (
				AF4F14DB29A7CC66002505F9 /* SupportingFiles */,
				AF4F14DC29A7CC72002505F9 /* StoryBoard */,
				AF4F14DF29A7CFE4002505F9 /* Model */,
				AF4F14E229A7CFFF002505F9 /* Controllers */,
			);
			path = MovieList;
			sourceTree = "<group>";
		};
		AF4F14DB29A7CC66002505F9 /* SupportingFiles */ = {
			isa = PBXGroup;
			children = (
				AF4F14C729A7C441002505F9 /* AppDelegate.swift */,
				AF4F14C929A7C441002505F9 /* SceneDelegate.swift */,
				AF4F14D029A7C442002505F9 /* Assets.xcassets */,
				AF4F14D529A7C442002505F9 /* Info.plist */,
				AF4F14E429A7D187002505F9 /* Constants.swift */,
			);
			path = SupportingFiles;
			sourceTree = "<group>";
		};
		AF4F14DC29A7CC72002505F9 /* StoryBoard */ = {
			isa = PBXGroup;
			children = (
				AF4F14CD29A7C441002505F9 /* Main.storyboard */,
				AF4F14D229A7C442002505F9 /* LaunchScreen.storyboard */,
			);
			path = StoryBoard;
			sourceTree = "<group>";
		};
		AF4F14DF29A7CFE4002505F9 /* Model */ = {
			isa = PBXGroup;
			children = (
				AF4F14DD29A7CCAD002505F9 /* Movie.swift */,
			);
			path = Model;
			sourceTree = "<group>";
		};
		AF4F14E229A7CFFF002505F9 /* Controllers */ = {
			isa = PBXGroup;
			children = (
				AF4F14E329A7D004002505F9 /* ModelController */,
				AF4F14E829A7D1C8002505F9 /* ViewControllers */,
			);
			path = Controllers;
			sourceTree = "<group>";
		};
		AF4F14E329A7D004002505F9 /* ModelController */ = {
			isa = PBXGroup;
			children = (
				AF4F14E029A7CFFB002505F9 /* MovieController.swift */,
			);
			path = ModelController;
			sourceTree = "<group>";
		};
		AF4F14E829A7D1C8002505F9 /* ViewControllers */ = {
			isa = PBXGroup;
			children = (
				AF4F14E629A7D1BA002505F9 /* MovieListTableViewController.swift */,
			);
			path = ViewControllers;
			sourceTree = "<group>";
		};
/* End PBXGroup section */

/* Begin PBXNativeTarget section */
		AF4F14C329A7C441002505F9 /* MovieList */ = {
			isa = PBXNativeTarget;
			buildConfigurationList = AF4F14D829A7C442002505F9 /* Build configuration list for PBXNativeTarget "MovieList" */;
			buildPhases = (
				AF4F14C029A7C441002505F9 /* Sources */,
				AF4F14C129A7C441002505F9 /* Frameworks */,
				AF4F14C229A7C441002505F9 /* Resources */,
			);
			buildRules = (
			);
			dependencies = (
			);
			name = MovieList;
			productName = MovieList;
			productReference = AF4F14C429A7C441002505F9 /* MovieList.app */;
			productType = "com.apple.product-type.application";
		};
/* End PBXNativeTarget section */

/* Begin PBXProject section */
		AF4F14BC29A7C441002505F9 /* Project object */ = {
			isa = PBXProject;
			attributes = {
				BuildIndependentTargetsInParallel = 1;
				LastSwiftUpdateCheck = 1420;
				LastUpgradeCheck = 1420;
				TargetAttributes = {
					AF4F14C329A7C441002505F9 = {
						CreatedOnToolsVersion = 14.2;
					};
				};
			};
			buildConfigurationList = AF4F14BF29A7C441002505F9 /* Build configuration list for PBXProject "MovieList" */;
			compatibilityVersion = "Xcode 14.0";
			developmentRegion = en;
			hasScannedForEncodings = 0;
			knownRegions = (
				en,
				Base,
			);
			mainGroup = AF4F14BB29A7C441002505F9;
			productRefGroup = AF4F14C529A7C441002505F9 /* Products */;
			projectDirPath = "";
			projectRoot = "";
			targets = (
				AF4F14C329A7C441002505F9 /* MovieList */,
			);
		};
/* End PBXProject section */

/* Begin PBXResourcesBuildPhase section */
		AF4F14C229A7C441002505F9 /* Resources */ = {
			isa = PBXResourcesBuildPhase;
			buildActionMask = 2147483647;
			files = (
				AF4F14D429A7C442002505F9 /* LaunchScreen.storyboard in Resources */,
				AF4F14D129A7C442002505F9 /* Assets.xcassets in Resources */,
				AF4F14CF29A7C441002505F9 /* Main.storyboard in Resources */,
			);
			runOnlyForDeploymentPostprocessing = 0;
		};
/* End PBXResourcesBuildPhase section */

/* Begin PBXSourcesBuildPhase section */
		AF4F14C029A7C441002505F9 /* Sources */ = {
			isa = PBXSourcesBuildPhase;
			buildActionMask = 2147483647;
			files = (
				AF4F14E729A7D1BA002505F9 /* MovieListTableViewController.swift in Sources */,
				AF4F14E529A7D187002505F9 /* Constants.swift in Sources */,
				AF4F14E129A7CFFB002505F9 /* MovieController.swift in Sources */,
				AF4F14C829A7C441002505F9 /* AppDelegate.swift in Sources */,
				AF4F14CA29A7C441002505F9 /* SceneDelegate.swift in Sources */,
				AF4F14DE29A7CCAD002505F9 /* Movie.swift in Sources */,
			);
			runOnlyForDeploymentPostprocessing = 0;
		};
/* End PBXSourcesBuildPhase section */

/* Begin PBXVariantGroup section */
		AF4F14CD29A7C441002505F9 /* Main.storyboard */ = {
			isa = PBXVariantGroup;
			children = (
				AF4F14CE29A7C441002505F9 /* Base */,
			);
			name = Main.storyboard;
			sourceTree = "<group>";
		};
		AF4F14D229A7C442002505F9 /* LaunchScreen.storyboard */ = {
			isa = PBXVariantGroup;
			children = (
				AF4F14D329A7C442002505F9 /* Base */,
			);
			name = LaunchScreen.storyboard;
			sourceTree = "<group>";
		};
/* End PBXVariantGroup section */

/* Begin XCBuildConfiguration section */
		AF4F14D629A7C442002505F9 /* Debug */ = {
			isa = XCBuildConfiguration;
			buildSettings = {
				ALWAYS_SEARCH_USER_PATHS = NO;
				CLANG_ANALYZER_NONNULL = YES;
				CLANG_ANALYZER_NUMBER_OBJECT_CONVERSION = YES_AGGRESSIVE;
				CLANG_CXX_LANGUAGE_STANDARD = "gnu++20";
				CLANG_ENABLE_MODULES = YES;
				CLANG_ENABLE_OBJC_ARC = YES;
				CLANG_ENABLE_OBJC_WEAK = YES;
				CLANG_WARN_BLOCK_CAPTURE_AUTORELEASING = YES;
				CLANG_WARN_BOOL_CONVERSION = YES;
				CLANG_WARN_COMMA = YES;
				CLANG_WARN_CONSTANT_CONVERSION = YES;
				CLANG_WARN_DEPRECATED_OBJC_IMPLEMENTATIONS = YES;
				CLANG_WARN_DIRECT_OBJC_ISA_USAGE = YES_ERROR;
				CLANG_WARN_DOCUMENTATION_COMMENTS = YES;
				CLANG_WARN_EMPTY_BODY = YES;
				CLANG_WARN_ENUM_CONVERSION = YES;
				CLANG_WARN_INFINITE_RECURSION = YES;
				CLANG_WARN_INT_CONVERSION = YES;
				CLANG_WARN_NON_LITERAL_NULL_CONVERSION = YES;
				CLANG_WARN_OBJC_IMPLICIT_RETAIN_SELF = YES;
				CLANG_WARN_OBJC_LITERAL_CONVERSION = YES;
				CLANG_WARN_OBJC_ROOT_CLASS = YES_ERROR;
				CLANG_WARN_QUOTED_INCLUDE_IN_FRAMEWORK_HEADER = YES;
				CLANG_WARN_RANGE_LOOP_ANALYSIS = YES;
				CLANG_WARN_STRICT_PROTOTYPES = YES;
				CLANG_WARN_SUSPICIOUS_MOVE = YES;
				CLANG_WARN_UNGUARDED_AVAILABILITY = YES_AGGRESSIVE;
				CLANG_WARN_UNREACHABLE_CODE = YES;
				CLANG_WARN__DUPLICATE_METHOD_MATCH = YES;
				COPY_PHASE_STRIP = NO;
				DEBUG_INFORMATION_FORMAT = dwarf;
				ENABLE_STRICT_OBJC_MSGSEND = YES;
				ENABLE_TESTABILITY = YES;
				GCC_C_LANGUAGE_STANDARD = gnu11;
				GCC_DYNAMIC_NO_PIC = NO;
				GCC_NO_COMMON_BLOCKS = YES;
				GCC_OPTIMIZATION_LEVEL = 0;
				GCC_PREPROCESSOR_DEFINITIONS = (
					"DEBUG=1",
					"$(inherited)",
				);
				GCC_WARN_64_TO_32_BIT_CONVERSION = YES;
				GCC_WARN_ABOUT_RETURN_TYPE = YES_ERROR;
				GCC_WARN_UNDECLARED_SELECTOR = YES;
				GCC_WARN_UNINITIALIZED_AUTOS = YES_AGGRESSIVE;
				GCC_WARN_UNUSED_FUNCTION = YES;
				GCC_WARN_UNUSED_VARIABLE = YES;
				IPHONEOS_DEPLOYMENT_TARGET = 16.2;
				MTL_ENABLE_DEBUG_INFO = INCLUDE_SOURCE;
				MTL_FAST_MATH = YES;
				ONLY_ACTIVE_ARCH = YES;
				SDKROOT = iphoneos;
				SWIFT_ACTIVE_COMPILATION_CONDITIONS = DEBUG;
				SWIFT_OPTIMIZATION_LEVEL = "-Onone";
			};
			name = Debug;
		};
		AF4F14D729A7C442002505F9 /* Release */ = {
			isa = XCBuildConfiguration;
			buildSettings = {
				ALWAYS_SEARCH_USER_PATHS = NO;
				CLANG_ANALYZER_NONNULL = YES;
				CLANG_ANALYZER_NUMBER_OBJECT_CONVERSION = YES_AGGRESSIVE;
				CLANG_CXX_LANGUAGE_STANDARD = "gnu++20";
				CLANG_ENABLE_MODULES = YES;
				CLANG_ENABLE_OBJC_ARC = YES;
				CLANG_ENABLE_OBJC_WEAK = YES;
				CLANG_WARN_BLOCK_CAPTURE_AUTORELEASING = YES;
				CLANG_WARN_BOOL_CONVERSION = YES;
				CLANG_WARN_COMMA = YES;
				CLANG_WARN_CONSTANT_CONVERSION = YES;
				CLANG_WARN_DEPRECATED_OBJC_IMPLEMENTATIONS = YES;
				CLANG_WARN_DIRECT_OBJC_ISA_USAGE = YES_ERROR;
				CLANG_WARN_DOCUMENTATION_COMMENTS = YES;
				CLANG_WARN_EMPTY_BODY = YES;
				CLANG_WARN_ENUM_CONVERSION = YES;
				CLANG_WARN_INFINITE_RECURSION = YES;
				CLANG_WARN_INT_CONVERSION = YES;
				CLANG_WARN_NON_LITERAL_NULL_CONVERSION = YES;
				CLANG_WARN_OBJC_IMPLICIT_RETAIN_SELF = YES;
				CLANG_WARN_OBJC_LITERAL_CONVERSION = YES;
				CLANG_WARN_OBJC_ROOT_CLASS = YES_ERROR;
				CLANG_WARN_QUOTED_INCLUDE_IN_FRAMEWORK_HEADER = YES;
				CLANG_WARN_RANGE_LOOP_ANALYSIS = YES;
				CLANG_WARN_STRICT_PROTOTYPES = YES;
				CLANG_WARN_SUSPICIOUS_MOVE = YES;
				CLANG_WARN_UNGUARDED_AVAILABILITY = YES_AGGRESSIVE;
				CLANG_WARN_UNREACHABLE_CODE = YES;
				CLANG_WARN__DUPLICATE_METHOD_MATCH = YES;
				COPY_PHASE_STRIP = NO;
				DEBUG_INFORMATION_FORMAT = "dwarf-with-dsym";
				ENABLE_NS_ASSERTIONS = NO;
				ENABLE_STRICT_OBJC_MSGSEND = YES;
				GCC_C_LANGUAGE_STANDARD = gnu11;
				GCC_NO_COMMON_BLOCKS = YES;
				GCC_WARN_64_TO_32_BIT_CONVERSION = YES;
				GCC_WARN_ABOUT_RETURN_TYPE = YES_ERROR;
				GCC_WARN_UNDECLARED_SELECTOR = YES;
				GCC_WARN_UNINITIALIZED_AUTOS = YES_AGGRESSIVE;
				GCC_WARN_UNUSED_FUNCTION = YES;
				GCC_WARN_UNUSED_VARIABLE = YES;
				IPHONEOS_DEPLOYMENT_TARGET = 16.2;
				MTL_ENABLE_DEBUG_INFO = NO;
				MTL_FAST_MATH = YES;
				SDKROOT = iphoneos;
				SWIFT_COMPILATION_MODE = wholemodule;
				SWIFT_OPTIMIZATION_LEVEL = "-O";
				VALIDATE_PRODUCT = YES;
			};
			name = Release;
		};
		AF4F14D929A7C442002505F9 /* Debug */ = {
			isa = XCBuildConfiguration;
			buildSettings = {
				ASSETCATALOG_COMPILER_APPICON_NAME = AppIcon;
				ASSETCATALOG_COMPILER_GLOBAL_ACCENT_COLOR_NAME = AccentColor;
				CODE_SIGN_STYLE = Automatic;
				CURRENT_PROJECT_VERSION = 1;
				GENERATE_INFOPLIST_FILE = YES;
				INFOPLIST_FILE = MovieList/SupportingFiles/Info.plist;
				INFOPLIST_KEY_UIApplicationSupportsIndirectInputEvents = YES;
				INFOPLIST_KEY_UILaunchStoryboardName = LaunchScreen;
				INFOPLIST_KEY_UIMainStoryboardFile = Main;
				INFOPLIST_KEY_UISupportedInterfaceOrientations_iPad = "UIInterfaceOrientationPortrait UIInterfaceOrientationPortraitUpsideDown UIInterfaceOrientationLandscapeLeft UIInterfaceOrientationLandscapeRight";
				INFOPLIST_KEY_UISupportedInterfaceOrientations_iPhone = "UIInterfaceOrientationPortrait UIInterfaceOrientationLandscapeLeft UIInterfaceOrientationLandscapeRight";
				LD_RUNPATH_SEARCH_PATHS = (
					"$(inherited)",
					"@executable_path/Frameworks",
				);
				MARKETING_VERSION = 1.0;
				PRODUCT_BUNDLE_IDENTIFIER = "BlakHawk-Productions.MovieList";
				PRODUCT_NAME = "$(TARGET_NAME)";
				SWIFT_EMIT_LOC_STRINGS = YES;
				SWIFT_VERSION = 5.0;
				TARGETED_DEVICE_FAMILY = "1,2";
			};
			name = Debug;
		};
		AF4F14DA29A7C442002505F9 /* Release */ = {
			isa = XCBuildConfiguration;
			buildSettings = {
				ASSETCATALOG_COMPILER_APPICON_NAME = AppIcon;
				ASSETCATALOG_COMPILER_GLOBAL_ACCENT_COLOR_NAME = AccentColor;
				CODE_SIGN_STYLE = Automatic;
				CURRENT_PROJECT_VERSION = 1;
				GENERATE_INFOPLIST_FILE = YES;
				INFOPLIST_FILE = MovieList/SupportingFiles/Info.plist;
				INFOPLIST_KEY_UIApplicationSupportsIndirectInputEvents = YES;
				INFOPLIST_KEY_UILaunchStoryboardName = LaunchScreen;
				INFOPLIST_KEY_UIMainStoryboardFile = Main;
				INFOPLIST_KEY_UISupportedInterfaceOrientations_iPad = "UIInterfaceOrientationPortrait UIInterfaceOrientationPortraitUpsideDown UIInterfaceOrientationLandscapeLeft UIInterfaceOrientationLandscapeRight";
				INFOPLIST_KEY_UISupportedInterfaceOrientations_iPhone = "UIInterfaceOrientationPortrait UIInterfaceOrientationLandscapeLeft UIInterfaceOrientationLandscapeRight";
				LD_RUNPATH_SEARCH_PATHS = (
					"$(inherited)",
					"@executable_path/Frameworks",
				);
				MARKETING_VERSION = 1.0;
				PRODUCT_BUNDLE_IDENTIFIER = "BlakHawk-Productions.MovieList";
				PRODUCT_NAME = "$(TARGET_NAME)";
				SWIFT_EMIT_LOC_STRINGS = YES;
				SWIFT_VERSION = 5.0;
				TARGETED_DEVICE_FAMILY = "1,2";
			};
			name = Release;
		};
/* End XCBuildConfiguration section */

/* Begin XCConfigurationList section */
		AF4F14BF29A7C441002505F9 /* Build configuration list for PBXProject "MovieList" */ = {
			isa = XCConfigurationList;
			buildConfigurations = (
				AF4F14D629A7C442002505F9 /* Debug */,
				AF4F14D729A7C442002505F9 /* Release */,
			);
			defaultConfigurationIsVisible = 0;
			defaultConfigurationName = Release;
		};
		AF4F14D829A7C442002505F9 /* Build configuration list for PBXNativeTarget "MovieList" */ = {
			isa = XCConfigurationList;
			buildConfigurations = (
				AF4F14D929A7C442002505F9 /* Debug */,
				AF4F14DA29A7C442002505F9 /* Release */,
			);
			defaultConfigurationIsVisible = 0;
			defaultConfigurationName = Release;
		};
/* End XCConfigurationList section */
	};
	rootObject = AF4F14BC29A7C441002505F9 /* Project object */;
}
